{
  "name": "chat-app-mern-stack",
  "version": "1.0.0",
  "lockfileVersion": 3,
  "requires": true,
  "packages": {
    "": {
      "name": "chat-app-mern-stack",
      "version": "1.0.0",
      "license": "ISC",
      "dependencies": {
        "chat-app-mern-stack": "file:"
      }
    },
    "node_modules/chat-app-mern-stack": {
      "resolved": "",
      "link": true
    }
  }
}
